
Microsoft Visual Studio Solution File, Format Version 12.00
# Visual Studio Version 16
VisualStudioVersion = 16.0.29411.108
MinimumVisualStudioVersion = 10.0.40219.1
Project("{9A19103F-16F7-4668-BE54-9A1E7A4F7556}") = "Germadent.Rma.App", "Germadent.Rma.App\Germadent.Rma.App\Germadent.Rma.App.csproj", "{D30A163A-E335-4829-B539-7DD8476B6E1D}"
EndProject
Project("{9A19103F-16F7-4668-BE54-9A1E7A4F7556}") = "Germadent.Common", "Germadent.Common\Germadent.Common.csproj", "{A73F2837-286E-4DF2-95A7-6A383B67A66B}"
EndProject
Project("{9A19103F-16F7-4668-BE54-9A1E7A4F7556}") = "Germadent.UI", "Germadent.UI\Germadent.UI.csproj", "{E3944E28-D2B6-471B-ACC7-316315C602A1}"
EndProject
Project("{9A19103F-16F7-4668-BE54-9A1E7A4F7556}") = "Germadent.Rma.Model", "Germadent.Rma.Model\Germadent.Rma.Model.csproj", "{20C51207-C072-4C58-B653-5BC624B00CC3}"
EndProject
Project("{2150E333-8FDC-42A3-9474-1A3956D46DE8}") = "Tests", "Tests", "{4DD6BEFD-A887-4337-8312-58A00439E1AE}"
EndProject
Project("{9A19103F-16F7-4668-BE54-9A1E7A4F7556}") = "Germadent.Rma.App.Test", "Germadent.Rma.App.Test\Germadent.Rma.App.Test.csproj", "{E56DD068-AC0C-4F93-9448-23A7E7058701}"
EndProject
Project("{9A19103F-16F7-4668-BE54-9A1E7A4F7556}") = "Germadent.UserManagementCenter.App", "Germadent.UserManagementCenter.App\Germadent.UserManagementCenter.App.csproj", "{ADB1CC4C-14C9-459C-B96D-07D370EFDA40}"
EndProject
Project("{9A19103F-16F7-4668-BE54-9A1E7A4F7556}") = "Germadent.UserManagementCenter.Model", "Germadent.UserManagementCenter.Model\Germadent.UserManagementCenter.Model.csproj", "{2F85C943-0255-4443-817F-50D13FB15943}"
EndProject
Project("{9A19103F-16F7-4668-BE54-9A1E7A4F7556}") = "Germadent.UserManagementCenter.App.Test", "Germadent.UserManagementCenter.App.Test\Germadent.UserManagementCenter.App.Test.csproj", "{E50944A7-D140-4F58-A567-51B6AB2BCDC4}"
EndProject
Project("{9A19103F-16F7-4668-BE54-9A1E7A4F7556}") = "Germadent.TestUtils", "Germadent.TestUtils\Germadent.TestUtils.csproj", "{E095E843-0678-44EC-88B0-34D031BF0A0C}"
EndProject
Project("{9A19103F-16F7-4668-BE54-9A1E7A4F7556}") = "Germadent.WebApi", "Germadent.WebApi\Germadent.WebApi.csproj", "{9B061191-CD14-499A-A2F8-E87BDEF00941}"
EndProject
Global
	GlobalSection(SolutionConfigurationPlatforms) = preSolution
		Debug|Any CPU = Debug|Any CPU
		Release|Any CPU = Release|Any CPU
	EndGlobalSection
	GlobalSection(ProjectConfigurationPlatforms) = postSolution
		{D30A163A-E335-4829-B539-7DD8476B6E1D}.Debug|Any CPU.ActiveCfg = Debug|Any CPU
		{D30A163A-E335-4829-B539-7DD8476B6E1D}.Debug|Any CPU.Build.0 = Debug|Any CPU
		{D30A163A-E335-4829-B539-7DD8476B6E1D}.Release|Any CPU.ActiveCfg = Release|Any CPU
		{D30A163A-E335-4829-B539-7DD8476B6E1D}.Release|Any CPU.Build.0 = Release|Any CPU
		{A73F2837-286E-4DF2-95A7-6A383B67A66B}.Debug|Any CPU.ActiveCfg = Debug|Any CPU
		{A73F2837-286E-4DF2-95A7-6A383B67A66B}.Debug|Any CPU.Build.0 = Debug|Any CPU
		{A73F2837-286E-4DF2-95A7-6A383B67A66B}.Release|Any CPU.ActiveCfg = Release|Any CPU
		{A73F2837-286E-4DF2-95A7-6A383B67A66B}.Release|Any CPU.Build.0 = Release|Any CPU
		{E3944E28-D2B6-471B-ACC7-316315C602A1}.Debug|Any CPU.ActiveCfg = Debug|Any CPU
		{E3944E28-D2B6-471B-ACC7-316315C602A1}.Debug|Any CPU.Build.0 = Debug|Any CPU
		{E3944E28-D2B6-471B-ACC7-316315C602A1}.Release|Any CPU.ActiveCfg = Release|Any CPU
		{E3944E28-D2B6-471B-ACC7-316315C602A1}.Release|Any CPU.Build.0 = Release|Any CPU
		{20C51207-C072-4C58-B653-5BC624B00CC3}.Debug|Any CPU.ActiveCfg = Debug|Any CPU
		{20C51207-C072-4C58-B653-5BC624B00CC3}.Debug|Any CPU.Build.0 = Debug|Any CPU
		{20C51207-C072-4C58-B653-5BC624B00CC3}.Release|Any CPU.ActiveCfg = Release|Any CPU
		{20C51207-C072-4C58-B653-5BC624B00CC3}.Release|Any CPU.Build.0 = Release|Any CPU
		{E56DD068-AC0C-4F93-9448-23A7E7058701}.Debug|Any CPU.ActiveCfg = Debug|Any CPU
		{E56DD068-AC0C-4F93-9448-23A7E7058701}.Debug|Any CPU.Build.0 = Debug|Any CPU
		{E56DD068-AC0C-4F93-9448-23A7E7058701}.Release|Any CPU.ActiveCfg = Release|Any CPU
		{E56DD068-AC0C-4F93-9448-23A7E7058701}.Release|Any CPU.Build.0 = Release|Any CPU
		{ADB1CC4C-14C9-459C-B96D-07D370EFDA40}.Debug|Any CPU.ActiveCfg = Debug|Any CPU
		{ADB1CC4C-14C9-459C-B96D-07D370EFDA40}.Debug|Any CPU.Build.0 = Debug|Any CPU
		{ADB1CC4C-14C9-459C-B96D-07D370EFDA40}.Release|Any CPU.ActiveCfg = Release|Any CPU
		{ADB1CC4C-14C9-459C-B96D-07D370EFDA40}.Release|Any CPU.Build.0 = Release|Any CPU
		{2F85C943-0255-4443-817F-50D13FB15943}.Debug|Any CPU.ActiveCfg = Debug|Any CPU
		{2F85C943-0255-4443-817F-50D13FB15943}.Debug|Any CPU.Build.0 = Debug|Any CPU
		{2F85C943-0255-4443-817F-50D13FB15943}.Release|Any CPU.ActiveCfg = Release|Any CPU
		{2F85C943-0255-4443-817F-50D13FB15943}.Release|Any CPU.Build.0 = Release|Any CPU
		{E50944A7-D140-4F58-A567-51B6AB2BCDC4}.Debug|Any CPU.ActiveCfg = Debug|Any CPU
		{E50944A7-D140-4F58-A567-51B6AB2BCDC4}.Debug|Any CPU.Build.0 = Debug|Any CPU
		{E50944A7-D140-4F58-A567-51B6AB2BCDC4}.Release|Any CPU.ActiveCfg = Release|Any CPU
		{E50944A7-D140-4F58-A567-51B6AB2BCDC4}.Release|Any CPU.Build.0 = Release|Any CPU
		{E095E843-0678-44EC-88B0-34D031BF0A0C}.Debug|Any CPU.ActiveCfg = Debug|Any CPU
		{E095E843-0678-44EC-88B0-34D031BF0A0C}.Debug|Any CPU.Build.0 = Debug|Any CPU
		{E095E843-0678-44EC-88B0-34D031BF0A0C}.Release|Any CPU.ActiveCfg = Release|Any CPU
		{E095E843-0678-44EC-88B0-34D031BF0A0C}.Release|Any CPU.Build.0 = Release|Any CPU
		{9B061191-CD14-499A-A2F8-E87BDEF00941}.Debug|Any CPU.ActiveCfg = Debug|Any CPU
		{9B061191-CD14-499A-A2F8-E87BDEF00941}.Debug|Any CPU.Build.0 = Debug|Any CPU
		{9B061191-CD14-499A-A2F8-E87BDEF00941}.Release|Any CPU.ActiveCfg = Release|Any CPU
		{9B061191-CD14-499A-A2F8-E87BDEF00941}.Release|Any CPU.Build.0 = Release|Any CPU
	EndGlobalSection
	GlobalSection(SolutionProperties) = preSolution
		HideSolutionNode = FALSE
	EndGlobalSection
	GlobalSection(NestedProjects) = preSolution
		{E56DD068-AC0C-4F93-9448-23A7E7058701} = {4DD6BEFD-A887-4337-8312-58A00439E1AE}
		{E50944A7-D140-4F58-A567-51B6AB2BCDC4} = {4DD6BEFD-A887-4337-8312-58A00439E1AE}
		{E095E843-0678-44EC-88B0-34D031BF0A0C} = {4DD6BEFD-A887-4337-8312-58A00439E1AE}
	EndGlobalSection
	GlobalSection(ExtensibilityGlobals) = postSolution
		EnterpriseLibraryConfigurationToolBinariesPath = packages\Unity.2.1.505.0\lib\NET35
		SolutionGuid = {B7001376-BEB5-422B-B392-1B1F9BB2B7F3}
	EndGlobalSection
EndGlobal
