
Microsoft Visual Studio Solution File, Format Version 12.00
# Visual Studio Version 16
VisualStudioVersion = 16.0.29411.108
MinimumVisualStudioVersion = 10.0.40219.1
Project("{FAE04EC0-301F-11D3-BF4B-00C04F79EFBC}") = "Germadent.Rma.App", "Germadent.Rma.App\Germadent.Rma.App\Germadent.Rma.App.csproj", "{D30A163A-E335-4829-B539-7DD8476B6E1D}"
EndProject
Project("{FAE04EC0-301F-11D3-BF4B-00C04F79EFBC}") = "Germadent.Common", "Germadent.Common\Germadent.Common.csproj", "{A73F2837-286E-4DF2-95A7-6A383B67A66B}"
EndProject
Project("{FAE04EC0-301F-11D3-BF4B-00C04F79EFBC}") = "Germadent.UI", "Germadent.UI\Germadent.UI.csproj", "{E3944E28-D2B6-471B-ACC7-316315C602A1}"
EndProject
Project("{FAE04EC0-301F-11D3-BF4B-00C04F79EFBC}") = "Germadent.Rma.Model", "Germadent.Rma.Model\Germadent.Rma.Model.csproj", "{20C51207-C072-4C58-B653-5BC624B00CC3}"
EndProject
Project("{FAE04EC0-301F-11D3-BF4B-00C04F79EFBC}") = "Germadent.DataAccessService", "Germadent.DataAccessService\Germadent.DataAccessService.csproj", "{3A2A0FC0-6235-4C71-B47B-739DAD974DA8}"
EndProject
Project("{2150E333-8FDC-42A3-9474-1A3956D46DE8}") = "Tests", "Tests", "{4DD6BEFD-A887-4337-8312-58A00439E1AE}"
EndProject
Project("{FAE04EC0-301F-11D3-BF4B-00C04F79EFBC}") = "Germadent.Rma.Model.Test", "Germadent.Rma.Model.Test\Germadent.Rma.Model.Test.csproj", "{A8961CED-F328-4422-AB3A-1EE35E512442}"
EndProject
Global
	GlobalSection(SolutionConfigurationPlatforms) = preSolution
		Debug|Any CPU = Debug|Any CPU
		Release|Any CPU = Release|Any CPU
	EndGlobalSection
	GlobalSection(ProjectConfigurationPlatforms) = postSolution
		{D30A163A-E335-4829-B539-7DD8476B6E1D}.Debug|Any CPU.ActiveCfg = Debug|Any CPU
		{D30A163A-E335-4829-B539-7DD8476B6E1D}.Debug|Any CPU.Build.0 = Debug|Any CPU
		{D30A163A-E335-4829-B539-7DD8476B6E1D}.Release|Any CPU.ActiveCfg = Release|Any CPU
		{D30A163A-E335-4829-B539-7DD8476B6E1D}.Release|Any CPU.Build.0 = Release|Any CPU
		{A73F2837-286E-4DF2-95A7-6A383B67A66B}.Debug|Any CPU.ActiveCfg = Debug|Any CPU
		{A73F2837-286E-4DF2-95A7-6A383B67A66B}.Debug|Any CPU.Build.0 = Debug|Any CPU
		{A73F2837-286E-4DF2-95A7-6A383B67A66B}.Release|Any CPU.ActiveCfg = Release|Any CPU
		{A73F2837-286E-4DF2-95A7-6A383B67A66B}.Release|Any CPU.Build.0 = Release|Any CPU
		{E3944E28-D2B6-471B-ACC7-316315C602A1}.Debug|Any CPU.ActiveCfg = Debug|Any CPU
		{E3944E28-D2B6-471B-ACC7-316315C602A1}.Debug|Any CPU.Build.0 = Debug|Any CPU
		{E3944E28-D2B6-471B-ACC7-316315C602A1}.Release|Any CPU.ActiveCfg = Release|Any CPU
		{E3944E28-D2B6-471B-ACC7-316315C602A1}.Release|Any CPU.Build.0 = Release|Any CPU
		{20C51207-C072-4C58-B653-5BC624B00CC3}.Debug|Any CPU.ActiveCfg = Debug|Any CPU
		{20C51207-C072-4C58-B653-5BC624B00CC3}.Debug|Any CPU.Build.0 = Debug|Any CPU
		{20C51207-C072-4C58-B653-5BC624B00CC3}.Release|Any CPU.ActiveCfg = Release|Any CPU
		{20C51207-C072-4C58-B653-5BC624B00CC3}.Release|Any CPU.Build.0 = Release|Any CPU
		{3A2A0FC0-6235-4C71-B47B-739DAD974DA8}.Debug|Any CPU.ActiveCfg = Debug|Any CPU
		{3A2A0FC0-6235-4C71-B47B-739DAD974DA8}.Debug|Any CPU.Build.0 = Debug|Any CPU
		{3A2A0FC0-6235-4C71-B47B-739DAD974DA8}.Release|Any CPU.ActiveCfg = Release|Any CPU
		{3A2A0FC0-6235-4C71-B47B-739DAD974DA8}.Release|Any CPU.Build.0 = Release|Any CPU
		{A8961CED-F328-4422-AB3A-1EE35E512442}.Debug|Any CPU.ActiveCfg = Debug|Any CPU
		{A8961CED-F328-4422-AB3A-1EE35E512442}.Debug|Any CPU.Build.0 = Debug|Any CPU
		{A8961CED-F328-4422-AB3A-1EE35E512442}.Release|Any CPU.ActiveCfg = Release|Any CPU
		{A8961CED-F328-4422-AB3A-1EE35E512442}.Release|Any CPU.Build.0 = Release|Any CPU
	EndGlobalSection
	GlobalSection(SolutionProperties) = preSolution
		HideSolutionNode = FALSE
	EndGlobalSection
	GlobalSection(NestedProjects) = preSolution
		{A8961CED-F328-4422-AB3A-1EE35E512442} = {4DD6BEFD-A887-4337-8312-58A00439E1AE}
	EndGlobalSection
	GlobalSection(ExtensibilityGlobals) = postSolution
		SolutionGuid = {B7001376-BEB5-422B-B392-1B1F9BB2B7F3}
		EnterpriseLibraryConfigurationToolBinariesPath = packages\Unity.2.1.505.0\lib\NET35
	EndGlobalSection
EndGlobal
